PODS:
  - CZWeatherKit (1.0.0)
  - FontAwesomeKit (2.2.0):
    - FontAwesomeKit/Core (= 2.2.0)
    - FontAwesomeKit/FontAwesome (= 2.2.0)
    - FontAwesomeKit/FoundationIcons (= 2.2.0)
    - FontAwesomeKit/IonIcons (= 2.2.0)
    - FontAwesomeKit/Zocial (= 2.2.0)
  - FontAwesomeKit/Core (2.2.0)
  - FontAwesomeKit/FontAwesome (2.2.0):
    - FontAwesomeKit/Core
  - FontAwesomeKit/FoundationIcons (2.2.0):
    - FontAwesomeKit/Core
  - FontAwesomeKit/IonIcons (2.2.0):
    - FontAwesomeKit/Core
  - FontAwesomeKit/Zocial (2.2.0):
    - FontAwesomeKit/Core
  - MBProgressHUD (0.9.1)
  - UIColor+MLPFlatColors (1.0)

DEPENDENCIES:
  - CZWeatherKit
  - FontAwesomeKit
  - MBProgressHUD
  - UIColor+MLPFlatColors

SPEC CHECKSUMS:
  CZWeatherKit: 178157f722d93e68169699bde6d5d9b372aa23d3
  FontAwesomeKit: 025fd4dd1017fe4e3f8d47b03e024deedbb33cd4
  MBProgressHUD: c47f2c166c126cf2ce36498d80f33e754d4e93ad
  UIColor+MLPFlatColors: 14deb8f28da06ab8918c14231d4ff49ca7cd384a

COCOAPODS: 0.36.0
